
Microsoft Visual Studio Solution File, Format Version 12.00
# Visual Studio Version 17
VisualStudioVersion = 17.11.35222.181
MinimumVisualStudioVersion = 10.0.40219.1
Project("{FAE04EC0-301F-11D3-BF4B-00C04F79EFBC}") = "IVY_Interiors.Server", "IVY_Interiors.Server\IVY_Interiors.Server.csproj", "{578D8F45-2DB1-48FB-84A2-9A44F14B3A5D}"
EndProject
Project("{54A90642-561A-4BB1-A94E-469ADEE60C69}") = "ivy_interiors.client", "ivy_interiors.client\ivy_interiors.client.esproj", "{F7DE6A4D-C690-4E82-8244-D5B0A922BD57}"
EndProject
Global
	GlobalSection(SolutionConfigurationPlatforms) = preSolution
		Debug|Any CPU = Debug|Any CPU
		Release|Any CPU = Release|Any CPU
	EndGlobalSection
	GlobalSection(ProjectConfigurationPlatforms) = postSolution
		{578D8F45-2DB1-48FB-84A2-9A44F14B3A5D}.Debug|Any CPU.ActiveCfg = Debug|Any CPU
		{578D8F45-2DB1-48FB-84A2-9A44F14B3A5D}.Debug|Any CPU.Build.0 = Debug|Any CPU
		{578D8F45-2DB1-48FB-84A2-9A44F14B3A5D}.Release|Any CPU.ActiveCfg = Release|Any CPU
		{578D8F45-2DB1-48FB-84A2-9A44F14B3A5D}.Release|Any CPU.Build.0 = Release|Any CPU
		{F7DE6A4D-C690-4E82-8244-D5B0A922BD57}.Debug|Any CPU.ActiveCfg = Debug|Any CPU
		{F7DE6A4D-C690-4E82-8244-D5B0A922BD57}.Debug|Any CPU.Build.0 = Debug|Any CPU
		{F7DE6A4D-C690-4E82-8244-D5B0A922BD57}.Debug|Any CPU.Deploy.0 = Debug|Any CPU
		{F7DE6A4D-C690-4E82-8244-D5B0A922BD57}.Release|Any CPU.ActiveCfg = Release|Any CPU
		{F7DE6A4D-C690-4E82-8244-D5B0A922BD57}.Release|Any CPU.Build.0 = Release|Any CPU
		{F7DE6A4D-C690-4E82-8244-D5B0A922BD57}.Release|Any CPU.Deploy.0 = Release|Any CPU
	EndGlobalSection
	GlobalSection(SolutionProperties) = preSolution
		HideSolutionNode = FALSE
	EndGlobalSection
	GlobalSection(ExtensibilityGlobals) = postSolution
		SolutionGuid = {B4BA70C2-0329-40C7-895E-68F8704891EB}
	EndGlobalSection
EndGlobal
